
Microsoft Visual Studio Solution File, Format Version 12.00
# Visual Studio 2013
VisualStudioVersion = 12.0.21005.1
MinimumVisualStudioVersion = 10.0.40219.1
Project("{F184B08F-C81C-45F6-A57F-5ABD9991F28F}") = "String Generator v2 bY Ihab InjeCtor", "String Generator v2 bY Ihab InjeCtor.vbproj", "{C7587B9E-3085-433A-8C7C-269AE17809E4}"
EndProject
Global
	GlobalSection(SolutionConfigurationPlatforms) = preSolution
		Debug|Any CPU = Debug|Any CPU
		Release|Any CPU = Release|Any CPU
	EndGlobalSection
	GlobalSection(ProjectConfigurationPlatforms) = postSolution
		{C7587B9E-3085-433A-8C7C-269AE17809E4}.Debug|Any CPU.ActiveCfg = Debug|Any CPU
		{C7587B9E-3085-433A-8C7C-269AE17809E4}.Debug|Any CPU.Build.0 = Debug|Any CPU
		{C7587B9E-3085-433A-8C7C-269AE17809E4}.Release|Any CPU.ActiveCfg = Release|Any CPU
		{C7587B9E-3085-433A-8C7C-269AE17809E4}.Release|Any CPU.Build.0 = Release|Any CPU
	EndGlobalSection
	GlobalSection(SolutionProperties) = preSolution
		HideSolutionNode = FALSE
	EndGlobalSection
EndGlobal
